
Microsoft Visual Studio Solution File, Format Version 12.00
# Visual Studio Version 17
VisualStudioVersion = 17.7.34018.315
MinimumVisualStudioVersion = 10.0.40219.1
Project("{9A19103F-16F7-4668-BE54-9A1E7A4F7556}") = "PetsClient", "PetsClient.csproj", "{F16FDC7B-E55C-48E4-ABDB-A5E65CDE29CC}"
EndProject
Project("{9A19103F-16F7-4668-BE54-9A1E7A4F7556}") = "ModelLibrary", "..\ModelLibrary\ModelLibrary.csproj", "{1A9C59AD-25AE-41E8-BDAC-146BF7F49E4D}"
EndProject
Project("{9A19103F-16F7-4668-BE54-9A1E7A4F7556}") = "PetsServer", "..\PetsServer\PetsServer.csproj", "{FC54B996-0386-494D-8FBE-6760A36A2AA1}"
EndProject
Global
	GlobalSection(SolutionConfigurationPlatforms) = preSolution
		Debug|Any CPU = Debug|Any CPU
		Release|Any CPU = Release|Any CPU
	EndGlobalSection
	GlobalSection(ProjectConfigurationPlatforms) = postSolution
		{F16FDC7B-E55C-48E4-ABDB-A5E65CDE29CC}.Debug|Any CPU.ActiveCfg = Debug|Any CPU
		{F16FDC7B-E55C-48E4-ABDB-A5E65CDE29CC}.Debug|Any CPU.Build.0 = Debug|Any CPU
		{F16FDC7B-E55C-48E4-ABDB-A5E65CDE29CC}.Release|Any CPU.ActiveCfg = Release|Any CPU
		{F16FDC7B-E55C-48E4-ABDB-A5E65CDE29CC}.Release|Any CPU.Build.0 = Release|Any CPU
		{1A9C59AD-25AE-41E8-BDAC-146BF7F49E4D}.Debug|Any CPU.ActiveCfg = Debug|Any CPU
		{1A9C59AD-25AE-41E8-BDAC-146BF7F49E4D}.Debug|Any CPU.Build.0 = Debug|Any CPU
		{1A9C59AD-25AE-41E8-BDAC-146BF7F49E4D}.Release|Any CPU.ActiveCfg = Release|Any CPU
		{1A9C59AD-25AE-41E8-BDAC-146BF7F49E4D}.Release|Any CPU.Build.0 = Release|Any CPU
		{FC54B996-0386-494D-8FBE-6760A36A2AA1}.Debug|Any CPU.ActiveCfg = Debug|Any CPU
		{FC54B996-0386-494D-8FBE-6760A36A2AA1}.Debug|Any CPU.Build.0 = Debug|Any CPU
		{FC54B996-0386-494D-8FBE-6760A36A2AA1}.Release|Any CPU.ActiveCfg = Release|Any CPU
		{FC54B996-0386-494D-8FBE-6760A36A2AA1}.Release|Any CPU.Build.0 = Release|Any CPU
	EndGlobalSection
	GlobalSection(SolutionProperties) = preSolution
		HideSolutionNode = FALSE
	EndGlobalSection
	GlobalSection(ExtensibilityGlobals) = postSolution
		SolutionGuid = {7CA4FE45-BF6B-4FAA-AB3D-2333543C9324}
	EndGlobalSection
EndGlobal
